// !$*UTF8*$!
{
	archiveVersion = 1;
	classes = {
	};
	objectVersion = 55;
	objects = {

/* Begin PBXBuildFile section */
		31E1AE282897D2580042355F /* AppDelegate.swift in Sources */ = {isa = PBXBuildFile; fileRef = 31E1AE272897D2580042355F /* AppDelegate.swift */; };
		31E1AE2A2897D2580042355F /* SceneDelegate.swift in Sources */ = {isa = PBXBuildFile; fileRef = 31E1AE292897D2580042355F /* SceneDelegate.swift */; };
		31E1AE2C2897D2580042355F /* ViewController.swift in Sources */ = {isa = PBXBuildFile; fileRef = 31E1AE2B2897D2580042355F /* ViewController.swift */; };
		31E1AE2F2897D2580042355F /* Main.storyboard in Resources */ = {isa = PBXBuildFile; fileRef = 31E1AE2D2897D2580042355F /* Main.storyboard */; };
		31E1AE312897D2590042355F /* Assets.xcassets in Resources */ = {isa = PBXBuildFile; fileRef = 31E1AE302897D2590042355F /* Assets.xcassets */; };
		31E1AE342897D2590042355F /* LaunchScreen.storyboard in Resources */ = {isa = PBXBuildFile; fileRef = 31E1AE322897D2590042355F /* LaunchScreen.storyboard */; };
		31E1AE422897D5850042355F /* UniformTypeIdentifiers.framework in Frameworks */ = {isa = PBXBuildFile; fileRef = 31E1AE412897D5850042355F /* UniformTypeIdentifiers.framework */; };
		31E1AE452897D5850042355F /* Media.xcassets in Resources */ = {isa = PBXBuildFile; fileRef = 31E1AE442897D5850042355F /* Media.xcassets */; };
		31E1AE472897D5850042355F /* ActionViewController.swift in Sources */ = {isa = PBXBuildFile; fileRef = 31E1AE462897D5850042355F /* ActionViewController.swift */; };
		31E1AE4A2897D5850042355F /* MainInterface.storyboard in Resources */ = {isa = PBXBuildFile; fileRef = 31E1AE482897D5850042355F /* MainInterface.storyboard */; };
		31E1AE4E2897D5850042355F /* Extension.appex in Embed App Extensions */ = {isa = PBXBuildFile; fileRef = 31E1AE3F2897D5850042355F /* Extension.appex */; settings = {ATTRIBUTES = (RemoveHeadersOnCopy, ); }; };
		31E1AE542897EE870042355F /* Action.js in Resources */ = {isa = PBXBuildFile; fileRef = 31E1AE532897EE870042355F /* Action.js */; };
/* End PBXBuildFile section */

/* Begin PBXContainerItemProxy section */
		31E1AE4C2897D5850042355F /* PBXContainerItemProxy */ = {
			isa = PBXContainerItemProxy;
			containerPortal = 31E1AE1C2897D2580042355F /* Project object */;
			proxyType = 1;
			remoteGlobalIDString = 31E1AE3E2897D5850042355F;
			remoteInfo = Extension;
		};
/* End PBXContainerItemProxy section */

/* Begin PBXCopyFilesBuildPhase section */
		31E1AE522897D5850042355F /* Embed App Extensions */ = {
			isa = PBXCopyFilesBuildPhase;
			buildActionMask = 2147483647;
			dstPath = "";
			dstSubfolderSpec = 13;
			files = (
				31E1AE4E2897D5850042355F /* Extension.appex in Embed App Extensions */,
			);
			name = "Embed App Extensions";
			runOnlyForDeploymentPostprocessing = 0;
		};
/* End PBXCopyFilesBuildPhase section */

/* Begin PBXFileReference section */
		31E1AE242897D2580042355F /* Shell App.app */ = {isa = PBXFileReference; explicitFileType = wrapper.application; includeInIndex = 0; path = "Shell App.app"; sourceTree = BUILT_PRODUCTS_DIR; };
		31E1AE272897D2580042355F /* AppDelegate.swift */ = {isa = PBXFileReference; lastKnownFileType = sourcecode.swift; path = AppDelegate.swift; sourceTree = "<group>"; };
		31E1AE292897D2580042355F /* SceneDelegate.swift */ = {isa = PBXFileReference; lastKnownFileType = sourcecode.swift; path = SceneDelegate.swift; sourceTree = "<group>"; };
		31E1AE2B2897D2580042355F /* ViewController.swift */ = {isa = PBXFileReference; lastKnownFileType = sourcecode.swift; path = ViewController.swift; sourceTree = "<group>"; };
		31E1AE2E2897D2580042355F /* Base */ = {isa = PBXFileReference; lastKnownFileType = file.storyboard; name = Base; path = Base.lproj/Main.storyboard; sourceTree = "<group>"; };
		31E1AE302897D2590042355F /* Assets.xcassets */ = {isa = PBXFileReference; lastKnownFileType = folder.assetcatalog; path = Assets.xcassets; sourceTree = "<group>"; };
		31E1AE332897D2590042355F /* Base */ = {isa = PBXFileReference; lastKnownFileType = file.storyboard; name = Base; path = Base.lproj/LaunchScreen.storyboard; sourceTree = "<group>"; };
		31E1AE352897D2590042355F /* Info.plist */ = {isa = PBXFileReference; lastKnownFileType = text.plist.xml; path = Info.plist; sourceTree = "<group>"; };
		31E1AE3F2897D5850042355F /* Extension.appex */ = {isa = PBXFileReference; explicitFileType = "wrapper.app-extension"; includeInIndex = 0; path = Extension.appex; sourceTree = BUILT_PRODUCTS_DIR; };
		31E1AE412897D5850042355F /* UniformTypeIdentifiers.framework */ = {isa = PBXFileReference; lastKnownFileType = wrapper.framework; name = UniformTypeIdentifiers.framework; path = System/Library/Frameworks/UniformTypeIdentifiers.framework; sourceTree = SDKROOT; };
		31E1AE442897D5850042355F /* Media.xcassets */ = {isa = PBXFileReference; lastKnownFileType = folder.assetcatalog; path = Media.xcassets; sourceTree = "<group>"; };
		31E1AE462897D5850042355F /* ActionViewController.swift */ = {isa = PBXFileReference; lastKnownFileType = sourcecode.swift; path = ActionViewController.swift; sourceTree = "<group>"; };
		31E1AE492897D5850042355F /* Base */ = {isa = PBXFileReference; lastKnownFileType = file.storyboard; name = Base; path = Base.lproj/MainInterface.storyboard; sourceTree = "<group>"; };
		31E1AE4B2897D5850042355F /* Info.plist */ = {isa = PBXFileReference; lastKnownFileType = text.plist.xml; path = Info.plist; sourceTree = "<group>"; };
		31E1AE532897EE870042355F /* Action.js */ = {isa = PBXFileReference; lastKnownFileType = sourcecode.javascript; path = Action.js; sourceTree = "<group>"; };
/* End PBXFileReference section */

/* Begin PBXFrameworksBuildPhase section */
		31E1AE212897D2580042355F /* Frameworks */ = {
			isa = PBXFrameworksBuildPhase;
			buildActionMask = 2147483647;
			files = (
			);
			runOnlyForDeploymentPostprocessing = 0;
		};
		31E1AE3C2897D5850042355F /* Frameworks */ = {
			isa = PBXFrameworksBuildPhase;
			buildActionMask = 2147483647;
			files = (
				31E1AE422897D5850042355F /* UniformTypeIdentifiers.framework in Frameworks */,
			);
			runOnlyForDeploymentPostprocessing = 0;
		};
/* End PBXFrameworksBuildPhase section */

/* Begin PBXGroup section */
		31E1AE1B2897D2580042355F = {
			isa = PBXGroup;
			children = (
				31E1AE262897D2580042355F /* Shell App */,
				31E1AE432897D5850042355F /* Extension */,
				31E1AE402897D5850042355F /* Frameworks */,
				31E1AE252897D2580042355F /* Products */,
			);
			sourceTree = "<group>";
		};
		31E1AE252897D2580042355F /* Products */ = {
			isa = PBXGroup;
			children = (
				31E1AE242897D2580042355F /* Shell App.app */,
				31E1AE3F2897D5850042355F /* Extension.appex */,
			);
			name = Products;
			sourceTree = "<group>";
		};
		31E1AE262897D2580042355F /* Shell App */ = {
			isa = PBXGroup;
			children = (
				31E1AE272897D2580042355F /* AppDelegate.swift */,
				31E1AE292897D2580042355F /* SceneDelegate.swift */,
				31E1AE2B2897D2580042355F /* ViewController.swift */,
				31E1AE2D2897D2580042355F /* Main.storyboard */,
				31E1AE302897D2590042355F /* Assets.xcassets */,
				31E1AE322897D2590042355F /* LaunchScreen.storyboard */,
				31E1AE352897D2590042355F /* Info.plist */,
			);
			path = "Shell App";
			sourceTree = "<group>";
		};
		31E1AE402897D5850042355F /* Frameworks */ = {
			isa = PBXGroup;
			children = (
				31E1AE412897D5850042355F /* UniformTypeIdentifiers.framework */,
			);
			name = Frameworks;
			sourceTree = "<group>";
		};
		31E1AE432897D5850042355F /* Extension */ = {
			isa = PBXGroup;
			children = (
				31E1AE442897D5850042355F /* Media.xcassets */,
				31E1AE462897D5850042355F /* ActionViewController.swift */,
				31E1AE482897D5850042355F /* MainInterface.storyboard */,
				31E1AE4B2897D5850042355F /* Info.plist */,
				31E1AE532897EE870042355F /* Action.js */,
			);
			path = Extension;
			sourceTree = "<group>";
		};
/* End PBXGroup section */

/* Begin PBXNativeTarget section */
		31E1AE232897D2580042355F /* Shell App */ = {
			isa = PBXNativeTarget;
			buildConfigurationList = 31E1AE382897D2590042355F /* Build configuration list for PBXNativeTarget "Shell App" */;
			buildPhases = (
				31E1AE202897D2580042355F /* Sources */,
				31E1AE212897D2580042355F /* Frameworks */,
				31E1AE222897D2580042355F /* Resources */,
				31E1AE522897D5850042355F /* Embed App Extensions */,
			);
			buildRules = (
			);
			dependencies = (
				31E1AE4D2897D5850042355F /* PBXTargetDependency */,
			);
			name = "Shell App";
			productName = "Shell App";
			productReference = 31E1AE242897D2580042355F /* Shell App.app */;
			productType = "com.apple.product-type.application";
		};
		31E1AE3E2897D5850042355F /* Extension */ = {
			isa = PBXNativeTarget;
			buildConfigurationList = 31E1AE4F2897D5850042355F /* Build configuration list for PBXNativeTarget "Extension" */;
			buildPhases = (
				31E1AE3B2897D5850042355F /* Sources */,
				31E1AE3C2897D5850042355F /* Frameworks */,
				31E1AE3D2897D5850042355F /* Resources */,
			);
			buildRules = (
			);
			dependencies = (
			);
			name = Extension;
			productName = Extension;
			productReference = 31E1AE3F2897D5850042355F /* Extension.appex */;
			productType = "com.apple.product-type.app-extension";
		};
/* End PBXNativeTarget section */

/* Begin PBXProject section */
		31E1AE1C2897D2580042355F /* Project object */ = {
			isa = PBXProject;
			attributes = {
				BuildIndependentTargetsInParallel = 1;
				LastSwiftUpdateCheck = 1340;
				LastUpgradeCheck = 1340;
				TargetAttributes = {
					31E1AE232897D2580042355F = {
						CreatedOnToolsVersion = 13.4.1;
					};
					31E1AE3E2897D5850042355F = {
						CreatedOnToolsVersion = 13.4.1;
					};
				};
			};
			buildConfigurationList = 31E1AE1F2897D2580042355F /* Build configuration list for PBXProject "Shell App" */;
			compatibilityVersion = "Xcode 13.0";
			developmentRegion = en;
			hasScannedForEncodings = 0;
			knownRegions = (
				en,
				Base,
			);
			mainGroup = 31E1AE1B2897D2580042355F;
			productRefGroup = 31E1AE252897D2580042355F /* Products */;
			projectDirPath = "";
			projectRoot = "";
			targets = (
				31E1AE232897D2580042355F /* Shell App */,
				31E1AE3E2897D5850042355F /* Extension */,
			);
		};
/* End PBXProject section */

/* Begin PBXResourcesBuildPhase section */
		31E1AE222897D2580042355F /* Resources */ = {
			isa = PBXResourcesBuildPhase;
			buildActionMask = 2147483647;
			files = (
				31E1AE342897D2590042355F /* LaunchScreen.storyboard in Resources */,
				31E1AE312897D2590042355F /* Assets.xcassets in Resources */,
				31E1AE2F2897D2580042355F /* Main.storyboard in Resources */,
			);
			runOnlyForDeploymentPostprocessing = 0;
		};
		31E1AE3D2897D5850042355F /* Resources */ = {
			isa = PBXResourcesBuildPhase;
			buildActionMask = 2147483647;
			files = (
				31E1AE542897EE870042355F /* Action.js in Resources */,
				31E1AE452897D5850042355F /* Media.xcassets in Resources */,
				31E1AE4A2897D5850042355F /* MainInterface.storyboard in Resources */,
			);
			runOnlyForDeploymentPostprocessing = 0;
		};
/* End PBXResourcesBuildPhase section */

/* Begin PBXSourcesBuildPhase section */
		31E1AE202897D2580042355F /* Sources */ = {
			isa = PBXSourcesBuildPhase;
			buildActionMask = 2147483647;
			files = (
				31E1AE2C2897D2580042355F /* ViewController.swift in Sources */,
				31E1AE282897D2580042355F /* AppDelegate.swift in Sources */,
				31E1AE2A2897D2580042355F /* SceneDelegate.swift in Sources */,
			);
			runOnlyForDeploymentPostprocessing = 0;
		};
		31E1AE3B2897D5850042355F /* Sources */ = {
			isa = PBXSourcesBuildPhase;
			buildActionMask = 2147483647;
			files = (
				31E1AE472897D5850042355F /* ActionViewController.swift in Sources */,
			);
			runOnlyForDeploymentPostprocessing = 0;
		};
/* End PBXSourcesBuildPhase section */

/* Begin PBXTargetDependency section */
		31E1AE4D2897D5850042355F /* PBXTargetDependency */ = {
			isa = PBXTargetDependency;
			target = 31E1AE3E2897D5850042355F /* Extension */;
			targetProxy = 31E1AE4C2897D5850042355F /* PBXContainerItemProxy */;
		};
/* End PBXTargetDependency section */

/* Begin PBXVariantGroup section */
		31E1AE2D2897D2580042355F /* Main.storyboard */ = {
			isa = PBXVariantGroup;
			children = (
				31E1AE2E2897D2580042355F /* Base */,
			);
			name = Main.storyboard;
			sourceTree = "<group>";
		};
		31E1AE322897D2590042355F /* LaunchScreen.storyboard */ = {
			isa = PBXVariantGroup;
			children = (
				31E1AE332897D2590042355F /* Base */,
			);
			name = LaunchScreen.storyboard;
			sourceTree = "<group>";
		};
		31E1AE482897D5850042355F /* MainInterface.storyboard */ = {
			isa = PBXVariantGroup;
			children = (
				31E1AE492897D5850042355F /* Base */,
			);
			name = MainInterface.storyboard;
			sourceTree = "<group>";
		};
/* End PBXVariantGroup section */

/* Begin XCBuildConfiguration section */
		31E1AE362897D2590042355F /* Debug */ = {
			isa = XCBuildConfiguration;
			buildSettings = {
				ALWAYS_SEARCH_USER_PATHS = NO;
				CLANG_ANALYZER_NONNULL = YES;
				CLANG_ANALYZER_NUMBER_OBJECT_CONVERSION = YES_AGGRESSIVE;
				CLANG_CXX_LANGUAGE_STANDARD = "gnu++17";
				CLANG_ENABLE_MODULES = YES;
				CLANG_ENABLE_OBJC_ARC = YES;
				CLANG_ENABLE_OBJC_WEAK = YES;
				CLANG_WARN_BLOCK_CAPTURE_AUTORELEASING = YES;
				CLANG_WARN_BOOL_CONVERSION = YES;
				CLANG_WARN_COMMA = YES;
				CLANG_WARN_CONSTANT_CONVERSION = YES;
				CLANG_WARN_DEPRECATED_OBJC_IMPLEMENTATIONS = YES;
				CLANG_WARN_DIRECT_OBJC_ISA_USAGE = YES_ERROR;
				CLANG_WARN_DOCUMENTATION_COMMENTS = YES;
				CLANG_WARN_EMPTY_BODY = YES;
				CLANG_WARN_ENUM_CONVERSION = YES;
				CLANG_WARN_INFINITE_RECURSION = YES;
				CLANG_WARN_INT_CONVERSION = YES;
				CLANG_WARN_NON_LITERAL_NULL_CONVERSION = YES;
				CLANG_WARN_OBJC_IMPLICIT_RETAIN_SELF = YES;
				CLANG_WARN_OBJC_LITERAL_CONVERSION = YES;
				CLANG_WARN_OBJC_ROOT_CLASS = YES_ERROR;
				CLANG_WARN_QUOTED_INCLUDE_IN_FRAMEWORK_HEADER = YES;
				CLANG_WARN_RANGE_LOOP_ANALYSIS = YES;
				CLANG_WARN_STRICT_PROTOTYPES = YES;
				CLANG_WARN_SUSPICIOUS_MOVE = YES;
				CLANG_WARN_UNGUARDED_AVAILABILITY = YES_AGGRESSIVE;
				CLANG_WARN_UNREACHABLE_CODE = YES;
				CLANG_WARN__DUPLICATE_METHOD_MATCH = YES;
				COPY_PHASE_STRIP = NO;
				DEBUG_INFORMATION_FORMAT = dwarf;
				ENABLE_STRICT_OBJC_MSGSEND = YES;
				ENABLE_TESTABILITY = YES;
				GCC_C_LANGUAGE_STANDARD = gnu11;
				GCC_DYNAMIC_NO_PIC = NO;
				GCC_NO_COMMON_BLOCKS = YES;
				GCC_OPTIMIZATION_LEVEL = 0;
				GCC_PREPROCESSOR_DEFINITIONS = (
					"DEBUG=1",
					"$(inherited)",
				);
				GCC_WARN_64_TO_32_BIT_CONVERSION = YES;
				GCC_WARN_ABOUT_RETURN_TYPE = YES_ERROR;
				GCC_WARN_UNDECLARED_SELECTOR = YES;
				GCC_WARN_UNINITIALIZED_AUTOS = YES_AGGRESSIVE;
				GCC_WARN_UNUSED_FUNCTION = YES;
				GCC_WARN_UNUSED_VARIABLE = YES;
				IPHONEOS_DEPLOYMENT_TARGET = 15.5;
				MTL_ENABLE_DEBUG_INFO = INCLUDE_SOURCE;
				MTL_FAST_MATH = YES;
				ONLY_ACTIVE_ARCH = YES;
				SDKROOT = iphoneos;
				SWIFT_ACTIVE_COMPILATION_CONDITIONS = DEBUG;
				SWIFT_OPTIMIZATION_LEVEL = "-Onone";
			};
			name = Debug;
		};
		31E1AE372897D2590042355F /* Release */ = {
			isa = XCBuildConfiguration;
			buildSettings = {
				ALWAYS_SEARCH_USER_PATHS = NO;
				CLANG_ANALYZER_NONNULL = YES;
				CLANG_ANALYZER_NUMBER_OBJECT_CONVERSION = YES_AGGRESSIVE;
				CLANG_CXX_LANGUAGE_STANDARD = "gnu++17";
				CLANG_ENABLE_MODULES = YES;
				CLANG_ENABLE_OBJC_ARC = YES;
				CLANG_ENABLE_OBJC_WEAK = YES;
				CLANG_WARN_BLOCK_CAPTURE_AUTORELEASING = YES;
				CLANG_WARN_BOOL_CONVERSION = YES;
				CLANG_WARN_COMMA = YES;
				CLANG_WARN_CONSTANT_CONVERSION = YES;
				CLANG_WARN_DEPRECATED_OBJC_IMPLEMENTATIONS = YES;
				CLANG_WARN_DIRECT_OBJC_ISA_USAGE = YES_ERROR;
				CLANG_WARN_DOCUMENTATION_COMMENTS = YES;
				CLANG_WARN_EMPTY_BODY = YES;
				CLANG_WARN_ENUM_CONVERSION = YES;
				CLANG_WARN_INFINITE_RECURSION = YES;
				CLANG_WARN_INT_CONVERSION = YES;
				CLANG_WARN_NON_LITERAL_NULL_CONVERSION = YES;
				CLANG_WARN_OBJC_IMPLICIT_RETAIN_SELF = YES;
				CLANG_WARN_OBJC_LITERAL_CONVERSION = YES;
				CLANG_WARN_OBJC_ROOT_CLASS = YES_ERROR;
				CLANG_WARN_QUOTED_INCLUDE_IN_FRAMEWORK_HEADER = YES;
				CLANG_WARN_RANGE_LOOP_ANALYSIS = YES;
				CLANG_WARN_STRICT_PROTOTYPES = YES;
				CLANG_WARN_SUSPICIOUS_MOVE = YES;
				CLANG_WARN_UNGUARDED_AVAILABILITY = YES_AGGRESSIVE;
				CLANG_WARN_UNREACHABLE_CODE = YES;
				CLANG_WARN__DUPLICATE_METHOD_MATCH = YES;
				COPY_PHASE_STRIP = NO;
				DEBUG_INFORMATION_FORMAT = "dwarf-with-dsym";
				ENABLE_NS_ASSERTIONS = NO;
				ENABLE_STRICT_OBJC_MSGSEND = YES;
				GCC_C_LANGUAGE_STANDARD = gnu11;
				GCC_NO_COMMON_BLOCKS = YES;
				GCC_WARN_64_TO_32_BIT_CONVERSION = YES;
				GCC_WARN_ABOUT_RETURN_TYPE = YES_ERROR;
				GCC_WARN_UNDECLARED_SELECTOR = YES;
				GCC_WARN_UNINITIALIZED_AUTOS = YES_AGGRESSIVE;
				GCC_WARN_UNUSED_FUNCTION = YES;
				GCC_WARN_UNUSED_VARIABLE = YES;
				IPHONEOS_DEPLOYMENT_TARGET = 15.5;
				MTL_ENABLE_DEBUG_INFO = NO;
				MTL_FAST_MATH = YES;
				SDKROOT = iphoneos;
				SWIFT_COMPILATION_MODE = wholemodule;
				SWIFT_OPTIMIZATION_LEVEL = "-O";
				VALIDATE_PRODUCT = YES;
			};
			name = Release;
		};
		31E1AE392897D2590042355F /* Debug */ = {
			isa = XCBuildConfiguration;
			buildSettings = {
				ALWAYS_EMBED_SWIFT_STANDARD_LIBRARIES = YES;
				ASSETCATALOG_COMPILER_APPICON_NAME = AppIcon;
				ASSETCATALOG_COMPILER_GLOBAL_ACCENT_COLOR_NAME = AccentColor;
				CODE_SIGN_STYLE = Automatic;
				CURRENT_PROJECT_VERSION = 1;
				DEVELOPMENT_TEAM = KDMH53532J;
				GENERATE_INFOPLIST_FILE = YES;
				INFOPLIST_FILE = "Shell App/Info.plist";
				INFOPLIST_KEY_UIApplicationSupportsIndirectInputEvents = YES;
				INFOPLIST_KEY_UILaunchStoryboardName = LaunchScreen;
				INFOPLIST_KEY_UIMainStoryboardFile = Main;
				INFOPLIST_KEY_UISupportedInterfaceOrientations_iPad = "UIInterfaceOrientationPortrait UIInterfaceOrientationPortraitUpsideDown UIInterfaceOrientationLandscapeLeft UIInterfaceOrientationLandscapeRight";
				INFOPLIST_KEY_UISupportedInterfaceOrientations_iPhone = "UIInterfaceOrientationPortrait UIInterfaceOrientationLandscapeLeft UIInterfaceOrientationLandscapeRight";
				LD_RUNPATH_SEARCH_PATHS = (
					"$(inherited)",
					"@executable_path/Frameworks",
				);
				MARKETING_VERSION = 1.0;
				PRODUCT_BUNDLE_IDENTIFIER = "com.ashutoshmane.Shell-App";
				PRODUCT_NAME = "$(TARGET_NAME)";
				SWIFT_EMIT_LOC_STRINGS = YES;
				SWIFT_VERSION = 5.0;
				TARGETED_DEVICE_FAMILY = "1,2";
			};
			name = Debug;
		};
		31E1AE3A2897D2590042355F /* Release */ = {
			isa = XCBuildConfiguration;
			buildSettings = {
				ALWAYS_EMBED_SWIFT_STANDARD_LIBRARIES = YES;
				ASSETCATALOG_COMPILER_APPICON_NAME = AppIcon;
				ASSETCATALOG_COMPILER_GLOBAL_ACCENT_COLOR_NAME = AccentColor;
				CODE_SIGN_STYLE = Automatic;
				CURRENT_PROJECT_VERSION = 1;
				DEVELOPMENT_TEAM = KDMH53532J;
				GENERATE_INFOPLIST_FILE = YES;
				INFOPLIST_FILE = "Shell App/Info.plist";
				INFOPLIST_KEY_UIApplicationSupportsIndirectInputEvents = YES;
				INFOPLIST_KEY_UILaunchStoryboardName = LaunchScreen;
				INFOPLIST_KEY_UIMainStoryboardFile = Main;
				INFOPLIST_KEY_UISupportedInterfaceOrientations_iPad = "UIInterfaceOrientationPortrait UIInterfaceOrientationPortraitUpsideDown UIInterfaceOrientationLandscapeLeft UIInterfaceOrientationLandscapeRight";
				INFOPLIST_KEY_UISupportedInterfaceOrientations_iPhone = "UIInterfaceOrientationPortrait UIInterfaceOrientationLandscapeLeft UIInterfaceOrientationLandscapeRight";
				LD_RUNPATH_SEARCH_PATHS = (
					"$(inherited)",
					"@executable_path/Frameworks",
				);
				MARKETING_VERSION = 1.0;
				PRODUCT_BUNDLE_IDENTIFIER = "com.ashutoshmane.Shell-App";
				PRODUCT_NAME = "$(TARGET_NAME)";
				SWIFT_EMIT_LOC_STRINGS = YES;
				SWIFT_VERSION = 5.0;
				TARGETED_DEVICE_FAMILY = "1,2";
			};
			name = Release;
		};
		31E1AE502897D5850042355F /* Debug */ = {
			isa = XCBuildConfiguration;
			buildSettings = {
				CODE_SIGN_STYLE = Automatic;
				CURRENT_PROJECT_VERSION = 1;
				DEVELOPMENT_TEAM = KDMH53532J;
				GENERATE_INFOPLIST_FILE = YES;
				INFOPLIST_FILE = Extension/Info.plist;
				INFOPLIST_KEY_CFBundleDisplayName = Extension;
				INFOPLIST_KEY_NSHumanReadableCopyright = "";
				LD_RUNPATH_SEARCH_PATHS = (
					"$(inherited)",
					"@executable_path/Frameworks",
					"@executable_path/../../Frameworks",
				);
				MARKETING_VERSION = 1.0;
				PRODUCT_BUNDLE_IDENTIFIER = "com.ashutoshmane.Shell-App.Extension";
				PRODUCT_NAME = "$(TARGET_NAME)";
				SKIP_INSTALL = YES;
				SWIFT_EMIT_LOC_STRINGS = YES;
				SWIFT_VERSION = 5.0;
				TARGETED_DEVICE_FAMILY = "1,2";
			};
			name = Debug;
		};
		31E1AE512897D5850042355F /* Release */ = {
			isa = XCBuildConfiguration;
			buildSettings = {
				CODE_SIGN_STYLE = Automatic;
				CURRENT_PROJECT_VERSION = 1;
				DEVELOPMENT_TEAM = KDMH53532J;
				GENERATE_INFOPLIST_FILE = YES;
				INFOPLIST_FILE = Extension/Info.plist;
				INFOPLIST_KEY_CFBundleDisplayName = Extension;
				INFOPLIST_KEY_NSHumanReadableCopyright = "";
				LD_RUNPATH_SEARCH_PATHS = (
					"$(inherited)",
					"@executable_path/Frameworks",
					"@executable_path/../../Frameworks",
				);
				MARKETING_VERSION = 1.0;
				PRODUCT_BUNDLE_IDENTIFIER = "com.ashutoshmane.Shell-App.Extension";
				PRODUCT_NAME = "$(TARGET_NAME)";
				SKIP_INSTALL = YES;
				SWIFT_EMIT_LOC_STRINGS = YES;
				SWIFT_VERSION = 5.0;
				TARGETED_DEVICE_FAMILY = "1,2";
			};
			name = Release;
		};
/* End XCBuildConfiguration section */

/* Begin XCConfigurationList section */
		31E1AE1F2897D2580042355F /* Build configuration list for PBXProject "Shell App" */ = {
			isa = XCConfigurationList;
			buildConfigurations = (
				31E1AE362897D2590042355F /* Debug */,
				31E1AE372897D2590042355F /* Release */,
			);
			defaultConfigurationIsVisible = 0;
			defaultConfigurationName = Release;
		};
		31E1AE382897D2590042355F /* Build configuration list for PBXNativeTarget "Shell App" */ = {
			isa = XCConfigurationList;
			buildConfigurations = (
				31E1AE392897D2590042355F /* Debug */,
				31E1AE3A2897D2590042355F /* Release */,
			);
			defaultConfigurationIsVisible = 0;
			defaultConfigurationName = Release;
		};
		31E1AE4F2897D5850042355F /* Build configuration list for PBXNativeTarget "Extension" */ = {
			isa = XCConfigurationList;
			buildConfigurations = (
				31E1AE502897D5850042355F /* Debug */,
				31E1AE512897D5850042355F /* Release */,
			);
			defaultConfigurationIsVisible = 0;
			defaultConfigurationName = Release;
		};
/* End XCConfigurationList section */
	};
	rootObject = 31E1AE1C2897D2580042355F /* Project object */;
}
